
Microsoft Visual Studio Solution File, Format Version 12.00
# Visual Studio Version 17
VisualStudioVersion = 17.5.33627.172
MinimumVisualStudioVersion = 10.0.40219.1
Project("{FAE04EC0-301F-11D3-BF4B-00C04F79EFBC}") = "Q3", "Q3\Q3.csproj", "{D9197879-0F3B-44CB-B9D4-A3E6E36011DC}"
EndProject
Global
	GlobalSection(SolutionConfigurationPlatforms) = preSolution
		Debug|Any CPU = Debug|Any CPU
		Release|Any CPU = Release|Any CPU
	EndGlobalSection
	GlobalSection(ProjectConfigurationPlatforms) = postSolution
		{D9197879-0F3B-44CB-B9D4-A3E6E36011DC}.Debug|Any CPU.ActiveCfg = Debug|Any CPU
		{D9197879-0F3B-44CB-B9D4-A3E6E36011DC}.Debug|Any CPU.Build.0 = Debug|Any CPU
		{D9197879-0F3B-44CB-B9D4-A3E6E36011DC}.Release|Any CPU.ActiveCfg = Release|Any CPU
		{D9197879-0F3B-44CB-B9D4-A3E6E36011DC}.Release|Any CPU.Build.0 = Release|Any CPU
	EndGlobalSection
	GlobalSection(SolutionProperties) = preSolution
		HideSolutionNode = FALSE
	EndGlobalSection
	GlobalSection(ExtensibilityGlobals) = postSolution
		SolutionGuid = {12647FB7-51F5-465A-BBF9-D157F3EAB668}
	EndGlobalSection
EndGlobal
