
Microsoft Visual Studio Solution File, Format Version 12.00
# Visual Studio Version 17
VisualStudioVersion = 17.5.33627.172
MinimumVisualStudioVersion = 10.0.40219.1
Project("{FAE04EC0-301F-11D3-BF4B-00C04F79EFBC}") = "Q5", "Q5\Q5.csproj", "{122A6140-6A67-4E0B-B74D-3576D5DB3CA0}"
EndProject
Global
	GlobalSection(SolutionConfigurationPlatforms) = preSolution
		Debug|Any CPU = Debug|Any CPU
		Release|Any CPU = Release|Any CPU
	EndGlobalSection
	GlobalSection(ProjectConfigurationPlatforms) = postSolution
		{122A6140-6A67-4E0B-B74D-3576D5DB3CA0}.Debug|Any CPU.ActiveCfg = Debug|Any CPU
		{122A6140-6A67-4E0B-B74D-3576D5DB3CA0}.Debug|Any CPU.Build.0 = Debug|Any CPU
		{122A6140-6A67-4E0B-B74D-3576D5DB3CA0}.Release|Any CPU.ActiveCfg = Release|Any CPU
		{122A6140-6A67-4E0B-B74D-3576D5DB3CA0}.Release|Any CPU.Build.0 = Release|Any CPU
	EndGlobalSection
	GlobalSection(SolutionProperties) = preSolution
		HideSolutionNode = FALSE
	EndGlobalSection
	GlobalSection(ExtensibilityGlobals) = postSolution
		SolutionGuid = {C0FB52EE-F7AD-4509-96D5-1567C64B21BA}
	EndGlobalSection
EndGlobal
