
Microsoft Visual Studio Solution File, Format Version 12.00
# Visual Studio Version 17
VisualStudioVersion = 17.5.33627.172
MinimumVisualStudioVersion = 10.0.40219.1
Project("{FAE04EC0-301F-11D3-BF4B-00C04F79EFBC}") = "Q2", "Q2\Q2.csproj", "{51E8D631-D394-48CD-AEAB-A2060691231D}"
EndProject
Global
	GlobalSection(SolutionConfigurationPlatforms) = preSolution
		Debug|Any CPU = Debug|Any CPU
		Release|Any CPU = Release|Any CPU
	EndGlobalSection
	GlobalSection(ProjectConfigurationPlatforms) = postSolution
		{51E8D631-D394-48CD-AEAB-A2060691231D}.Debug|Any CPU.ActiveCfg = Debug|Any CPU
		{51E8D631-D394-48CD-AEAB-A2060691231D}.Debug|Any CPU.Build.0 = Debug|Any CPU
		{51E8D631-D394-48CD-AEAB-A2060691231D}.Release|Any CPU.ActiveCfg = Release|Any CPU
		{51E8D631-D394-48CD-AEAB-A2060691231D}.Release|Any CPU.Build.0 = Release|Any CPU
	EndGlobalSection
	GlobalSection(SolutionProperties) = preSolution
		HideSolutionNode = FALSE
	EndGlobalSection
	GlobalSection(ExtensibilityGlobals) = postSolution
		SolutionGuid = {15DDDCCE-1CBE-462D-8E8F-5C974D343897}
	EndGlobalSection
EndGlobal
